Microsoft Visual Studio Solution File, Format Version 12.00
# Visual Studio Version 18
VisualStudioVersion = 18.2.11415.280 d18.0
MinimumVisualStudioVersion = 10.0.40219.1
Project("{2150E333-8FDC-42A3-9474-1A3956D46DE8}") = "App", "App", "{A5C3B228-7353-0BC5-10DE-956630CC3038}"
EndProject
Project("{FAE04EC0-301F-11D3-BF4B-00C04F79EFBC}") = "Verendar.AppHost", "App\Verendar.AppHost\Verendar.AppHost.csproj", "{55C3B228-7353-0BC5-10DE-956630CC3037}"
EndProject
Project("{FAE04EC0-301F-11D3-BF4B-00C04F79EFBC}") = "Verendar.Common", "App\Verendar.Common\Verendar.Common.csproj", "{90A59E09-157C-8A93-F149-6AA7741308E5}"
EndProject
Project("{FAE04EC0-301F-11D3-BF4B-00C04F79EFBC}") = "Verendar.DatabaseMigrationHelpers", "App\Verendar.DatabaseMigrationHelpers\Verendar.DatabaseMigrationHelpers.csproj", "{82BBC5E1-3688-5A9B-4B30-464742F86275}"
EndProject
Project("{FAE04EC0-301F-11D3-BF4B-00C04F79EFBC}") = "Verendar.ServiceDefaults", "App\Verendar.ServiceDefaults\Verendar.ServiceDefaults.csproj", "{10345D5E-DED7-D4A8-48FC-0D59E9645299}"
EndProject
Project("{2150E333-8FDC-42A3-9474-1A3956D46DE8}") = "Identity", "Identity", "{2FA89949-C014-61E3-9766-4043502A0423}"
EndProject
Project("{2150E333-8FDC-42A3-9474-1A3956D46DE8}") = "Media", "Media", "{FAF8FC72-762E-AE91-B65B-7569A6AAE937}"
EndProject
Project("{2150E333-8FDC-42A3-9474-1A3956D46DE8}") = "Vehicle", "Vehicle", "{3BB22959-B090-ABAC-4C23-A0E56DF1BBD8}"
EndProject
Project("{FAE04EC0-301F-11D3-BF4B-00C04F79EFBC}") = "Verendar.Identity", "Identity\Verendar.Identity\Verendar.Identity.csproj", "{E30E32D1-8AEE-3E7C-A584-F95D94DBE68E}"
EndProject
Project("{FAE04EC0-301F-11D3-BF4B-00C04F79EFBC}") = "Verendar.Media", "Media\Verendar.Media\Verendar.Media.csproj", "{73ECD4A6-28C3-822D-B9DE-5524849AF9A5}"
EndProject
Project("{FAE04EC0-301F-11D3-BF4B-00C04F79EFBC}") = "Verendar.Media.Application", "Media\Verendar.Media.Application\Verendar.Media.Application.csproj", "{93DBE452-63E7-0AB1-E778-ACA4AE8BA264}"
EndProject
Project("{FAE04EC0-301F-11D3-BF4B-00C04F79EFBC}") = "Verendar.Media.Domain", "Media\Verendar.Media.Domain\Verendar.Media.Domain.csproj", "{A23DCFA1-80EB-EEA2-B105-AF79A6B257B3}"
EndProject
Project("{FAE04EC0-301F-11D3-BF4B-00C04F79EFBC}") = "Verendar.Media.Infrastructure", "Media\Verendar.Media.Infrastructure\Verendar.Media.Infrastructure.csproj", "{A85CA464-CDBA-53A4-6492-2634808274FC}"
EndProject
Project("{FAE04EC0-301F-11D3-BF4B-00C04F79EFBC}") = "Verendar.Vehicle", "Vehicle\Verendar.Vehicle\Verendar.Vehicle.csproj", "{F66297B6-574C-F8FB-8449-53FD61E053CD}"
EndProject
Project("{FAE04EC0-301F-11D3-BF4B-00C04F79EFBC}") = "Verendar.Vehicle.Application", "Vehicle\Verendar.Vehicle.Application\Verendar.Vehicle.Application.csproj", "{73FF2C60-792D-CB64-F6C7-75ED2C50CEB7}"
EndProject
Project("{FAE04EC0-301F-11D3-BF4B-00C04F79EFBC}") = "Verendar.Vehicle.Domain", "Vehicle\Verendar.Vehicle.Domain\Verendar.Vehicle.Domain.csproj", "{08705F66-4FA1-CEF2-7361-DB2DF908F613}"
EndProject
Project("{FAE04EC0-301F-11D3-BF4B-00C04F79EFBC}") = "Verendar.Vehicle.Infrastructure", "Vehicle\Verendar.Vehicle.Infrastructure\Verendar.Vehicle.Infrastructure.csproj", "{A4B11845-AD13-4818-8E31-E165EBB5BC7D}"
EndProject
Project("{FAE04EC0-301F-11D3-BF4B-00C04F79EFBC}") = "Verendar.Vehicle.Contracts", "Vehicle\Verendar.Vehicle.Contracts\Verendar.Vehicle.Contracts.csproj", "{B5C01970-1E2A-4D91-9F33-8A7E2B1C4D5E}"
EndProject
Project("{2150E333-8FDC-42A3-9474-1A3956D46DE8}") = "Notification", "Notification", "{AA9EE0C7-4E1A-44BC-243C-C4E356DC2F3C}"
EndProject
Project("{FAE04EC0-301F-11D3-BF4B-00C04F79EFBC}") = "Verendar.Notification", "Notification\Verendar.Notification\Verendar.Notification.csproj", "{2E804502-6CC5-46E8-A465-FC4F43B09078}"
EndProject
Project("{FAE04EC0-301F-11D3-BF4B-00C04F79EFBC}") = "Verendar.Notification.Domain", "Notification\Verendar.Notification.Domain\Verendar.Notification.Domain.csproj", "{D226513A-BDA6-4AF8-B812-DDBFE6456150}"
EndProject
Project("{FAE04EC0-301F-11D3-BF4B-00C04F79EFBC}") = "Verendar.Notification.Application", "Notification\Verendar.Notification.Application\Verendar.Notification.Application.csproj", "{3282ED23-98B9-4DF6-B123-15B324BB88A7}"
EndProject
Project("{FAE04EC0-301F-11D3-BF4B-00C04F79EFBC}") = "Verendar.Notification.Infrastructure", "Notification\Verendar.Notification.Infrastructure\Verendar.Notification.Infrastructure.csproj", "{06AB45A0-32B7-49F0-B5F1-85A1001E92B5}"
EndProject
Project("{FAE04EC0-301F-11D3-BF4B-00C04F79EFBC}") = "Verender.Identity.Contracts", "Identity\Verender.Identity.Contracts\Verender.Identity.Contracts.csproj", "{2D791C57-8FAC-4162-932A-E6BD4152E9CC}"
EndProject
Project("{2150E333-8FDC-42A3-9474-1A3956D46DE8}") = "Ai", "Ai", "{BA58FF10-E1F2-1F22-EED5-4647CFF8BF60}"
EndProject
Project("{FAE04EC0-301F-11D3-BF4B-00C04F79EFBC}") = "Verendar.Ai", "Ai\Verendar.Ai\Verendar.Ai.csproj", "{38BEC92C-E222-44C8-B35E-AE685125B0A7}"
EndProject
Project("{FAE04EC0-301F-11D3-BF4B-00C04F79EFBC}") = "Verendar.Ai.Domain", "Ai\Verendar.Ai.Domain\Verendar.Ai.Domain.csproj", "{605E5429-F970-4040-9DB4-4F35E623324C}"
EndProject
Project("{FAE04EC0-301F-11D3-BF4B-00C04F79EFBC}") = "Verendar.Ai.Application", "Ai\Verendar.Ai.Application\Verendar.Ai.Application.csproj", "{98F52476-BCF0-4026-8D08-39B6FCDA95C4}"
EndProject
Project("{FAE04EC0-301F-11D3-BF4B-00C04F79EFBC}") = "Verendar.Ai.Infrastructure", "Ai\Verendar.Ai.Infrastructure\Verendar.Ai.Infrastructure.csproj", "{DCEB7C7D-8F6B-4DD3-98AF-BC86BE48607E}"
EndProject
Project("{FAE04EC0-301F-11D3-BF4B-00C04F79EFBC}") = "Verendar.Identity.Domain", "Identity\Verendar.Identity.Domain\Verendar.Identity.Domain.csproj", "{6601DF58-9669-463B-9121-CF2F08860D2D}"
EndProject
Project("{FAE04EC0-301F-11D3-BF4B-00C04F79EFBC}") = "Verendar.Identity.Application", "Identity\Verendar.Identity.Application\Verendar.Identity.Application.csproj", "{79EBE7C7-DD1F-4050-A751-A3E0E8B27568}"
EndProject
Project("{FAE04EC0-301F-11D3-BF4B-00C04F79EFBC}") = "Verendar.Identity.Infrastructure", "Identity\Verendar.Identity.Infrastructure\Verendar.Identity.Infrastructure.csproj", "{349E256C-D565-4B51-90D1-238B0DD05959}"
EndProject
Project("{E53339B2-1760-4266-BCC7-CA923CBCF16C}") = "docker-compose", "docker-compose.dcproj", "{81DDED9D-158B-E303-5F62-77A2896D2A5A}"
EndProject
Global
	GlobalSection(SolutionConfigurationPlatforms) = preSolution
		Debug|Any CPU = Debug|Any CPU
		Debug|x64 = Debug|x64
		Debug|x86 = Debug|x86
		Release|Any CPU = Release|Any CPU
		Release|x64 = Release|x64
		Release|x86 = Release|x86
	EndGlobalSection
	GlobalSection(ProjectConfigurationPlatforms) = postSolution
		{55C3B228-7353-0BC5-10DE-956630CC3037}.Debug|Any CPU.ActiveCfg = Debug|Any CPU
		{55C3B228-7353-0BC5-10DE-956630CC3037}.Debug|Any CPU.Build.0 = Debug|Any CPU
		{55C3B228-7353-0BC5-10DE-956630CC3037}.Debug|x64.ActiveCfg = Debug|Any CPU
		{55C3B228-7353-0BC5-10DE-956630CC3037}.Debug|x64.Build.0 = Debug|Any CPU
		{55C3B228-7353-0BC5-10DE-956630CC3037}.Debug|x86.ActiveCfg = Debug|Any CPU
		{55C3B228-7353-0BC5-10DE-956630CC3037}.Debug|x86.Build.0 = Debug|Any CPU
		{55C3B228-7353-0BC5-10DE-956630CC3037}.Release|Any CPU.ActiveCfg = Release|Any CPU
		{55C3B228-7353-0BC5-10DE-956630CC3037}.Release|Any CPU.Build.0 = Release|Any CPU
		{55C3B228-7353-0BC5-10DE-956630CC3037}.Release|x64.ActiveCfg = Release|Any CPU
		{55C3B228-7353-0BC5-10DE-956630CC3037}.Release|x64.Build.0 = Release|Any CPU
		{55C3B228-7353-0BC5-10DE-956630CC3037}.Release|x86.ActiveCfg = Release|Any CPU
		{55C3B228-7353-0BC5-10DE-956630CC3037}.Release|x86.Build.0 = Release|Any CPU
		{90A59E09-157C-8A93-F149-6AA7741308E5}.Debug|Any CPU.ActiveCfg = Debug|Any CPU
		{90A59E09-157C-8A93-F149-6AA7741308E5}.Debug|Any CPU.Build.0 = Debug|Any CPU
		{90A59E09-157C-8A93-F149-6AA7741308E5}.Debug|x64.ActiveCfg = Debug|Any CPU
		{90A59E09-157C-8A93-F149-6AA7741308E5}.Debug|x64.Build.0 = Debug|Any CPU
		{90A59E09-157C-8A93-F149-6AA7741308E5}.Debug|x86.ActiveCfg = Debug|Any CPU
		{90A59E09-157C-8A93-F149-6AA7741308E5}.Debug|x86.Build.0 = Debug|Any CPU
		{90A59E09-157C-8A93-F149-6AA7741308E5}.Release|Any CPU.ActiveCfg = Release|Any CPU
		{90A59E09-157C-8A93-F149-6AA7741308E5}.Release|Any CPU.Build.0 = Release|Any CPU
		{90A59E09-157C-8A93-F149-6AA7741308E5}.Release|x64.ActiveCfg = Release|Any CPU
		{90A59E09-157C-8A93-F149-6AA7741308E5}.Release|x64.Build.0 = Release|Any CPU
		{90A59E09-157C-8A93-F149-6AA7741308E5}.Release|x86.ActiveCfg = Release|Any CPU
		{90A59E09-157C-8A93-F149-6AA7741308E5}.Release|x86.Build.0 = Release|Any CPU
		{82BBC5E1-3688-5A9B-4B30-464742F86275}.Debug|Any CPU.ActiveCfg = Debug|Any CPU
		{82BBC5E1-3688-5A9B-4B30-464742F86275}.Debug|Any CPU.Build.0 = Debug|Any CPU
		{82BBC5E1-3688-5A9B-4B30-464742F86275}.Debug|x64.ActiveCfg = Debug|Any CPU
		{82BBC5E1-3688-5A9B-4B30-464742F86275}.Debug|x64.Build.0 = Debug|Any CPU
		{82BBC5E1-3688-5A9B-4B30-464742F86275}.Debug|x86.ActiveCfg = Debug|Any CPU
		{82BBC5E1-3688-5A9B-4B30-464742F86275}.Debug|x86.Build.0 = Debug|Any CPU
		{82BBC5E1-3688-5A9B-4B30-464742F86275}.Release|Any CPU.ActiveCfg = Release|Any CPU
		{82BBC5E1-3688-5A9B-4B30-464742F86275}.Release|Any CPU.Build.0 = Release|Any CPU
		{82BBC5E1-3688-5A9B-4B30-464742F86275}.Release|x64.ActiveCfg = Release|Any CPU
		{82BBC5E1-3688-5A9B-4B30-464742F86275}.Release|x64.Build.0 = Release|Any CPU
		{82BBC5E1-3688-5A9B-4B30-464742F86275}.Release|x86.ActiveCfg = Release|Any CPU
		{82BBC5E1-3688-5A9B-4B30-464742F86275}.Release|x86.Build.0 = Release|Any CPU
		{10345D5E-DED7-D4A8-48FC-0D59E9645299}.Debug|Any CPU.ActiveCfg = Debug|Any CPU
		{10345D5E-DED7-D4A8-48FC-0D59E9645299}.Debug|Any CPU.Build.0 = Debug|Any CPU
		{10345D5E-DED7-D4A8-48FC-0D59E9645299}.Debug|x64.ActiveCfg = Debug|Any CPU
		{10345D5E-DED7-D4A8-48FC-0D59E9645299}.Debug|x64.Build.0 = Debug|Any CPU
		{10345D5E-DED7-D4A8-48FC-0D59E9645299}.Debug|x86.ActiveCfg = Debug|Any CPU
		{10345D5E-DED7-D4A8-48FC-0D59E9645299}.Debug|x86.Build.0 = Debug|Any CPU
		{10345D5E-DED7-D4A8-48FC-0D59E9645299}.Release|Any CPU.ActiveCfg = Release|Any CPU
		{10345D5E-DED7-D4A8-48FC-0D59E9645299}.Release|Any CPU.Build.0 = Release|Any CPU
		{10345D5E-DED7-D4A8-48FC-0D59E9645299}.Release|x64.ActiveCfg = Release|Any CPU
		{10345D5E-DED7-D4A8-48FC-0D59E9645299}.Release|x64.Build.0 = Release|Any CPU
		{10345D5E-DED7-D4A8-48FC-0D59E9645299}.Release|x86.ActiveCfg = Release|Any CPU
		{10345D5E-DED7-D4A8-48FC-0D59E9645299}.Release|x86.Build.0 = Release|Any CPU
		{E30E32D1-8AEE-3E7C-A584-F95D94DBE68E}.Debug|Any CPU.ActiveCfg = Debug|Any CPU
		{E30E32D1-8AEE-3E7C-A584-F95D94DBE68E}.Debug|Any CPU.Build.0 = Debug|Any CPU
		{E30E32D1-8AEE-3E7C-A584-F95D94DBE68E}.Debug|x64.ActiveCfg = Debug|Any CPU
		{E30E32D1-8AEE-3E7C-A584-F95D94DBE68E}.Debug|x64.Build.0 = Debug|Any CPU
		{E30E32D1-8AEE-3E7C-A584-F95D94DBE68E}.Debug|x86.ActiveCfg = Debug|Any CPU
		{E30E32D1-8AEE-3E7C-A584-F95D94DBE68E}.Debug|x86.Build.0 = Debug|Any CPU
		{E30E32D1-8AEE-3E7C-A584-F95D94DBE68E}.Release|Any CPU.ActiveCfg = Release|Any CPU
		{E30E32D1-8AEE-3E7C-A584-F95D94DBE68E}.Release|Any CPU.Build.0 = Release|Any CPU
		{E30E32D1-8AEE-3E7C-A584-F95D94DBE68E}.Release|x64.ActiveCfg = Release|Any CPU
		{E30E32D1-8AEE-3E7C-A584-F95D94DBE68E}.Release|x64.Build.0 = Release|Any CPU
		{E30E32D1-8AEE-3E7C-A584-F95D94DBE68E}.Release|x86.ActiveCfg = Release|Any CPU
		{E30E32D1-8AEE-3E7C-A584-F95D94DBE68E}.Release|x86.Build.0 = Release|Any CPU
		{73ECD4A6-28C3-822D-B9DE-5524849AF9A5}.Debug|Any CPU.ActiveCfg = Debug|Any CPU
		{73ECD4A6-28C3-822D-B9DE-5524849AF9A5}.Debug|Any CPU.Build.0 = Debug|Any CPU
		{73ECD4A6-28C3-822D-B9DE-5524849AF9A5}.Debug|x64.ActiveCfg = Debug|Any CPU
		{73ECD4A6-28C3-822D-B9DE-5524849AF9A5}.Debug|x64.Build.0 = Debug|Any CPU
		{73ECD4A6-28C3-822D-B9DE-5524849AF9A5}.Debug|x86.ActiveCfg = Debug|Any CPU
		{73ECD4A6-28C3-822D-B9DE-5524849AF9A5}.Debug|x86.Build.0 = Debug|Any CPU
		{73ECD4A6-28C3-822D-B9DE-5524849AF9A5}.Release|Any CPU.ActiveCfg = Release|Any CPU
		{73ECD4A6-28C3-822D-B9DE-5524849AF9A5}.Release|Any CPU.Build.0 = Release|Any CPU
		{73ECD4A6-28C3-822D-B9DE-5524849AF9A5}.Release|x64.ActiveCfg = Release|Any CPU
		{73ECD4A6-28C3-822D-B9DE-5524849AF9A5}.Release|x64.Build.0 = Release|Any CPU
		{73ECD4A6-28C3-822D-B9DE-5524849AF9A5}.Release|x86.ActiveCfg = Release|Any CPU
		{73ECD4A6-28C3-822D-B9DE-5524849AF9A5}.Release|x86.Build.0 = Release|Any CPU
		{93DBE452-63E7-0AB1-E778-ACA4AE8BA264}.Debug|Any CPU.ActiveCfg = Debug|Any CPU
		{93DBE452-63E7-0AB1-E778-ACA4AE8BA264}.Debug|Any CPU.Build.0 = Debug|Any CPU
		{93DBE452-63E7-0AB1-E778-ACA4AE8BA264}.Debug|x64.ActiveCfg = Debug|Any CPU
		{93DBE452-63E7-0AB1-E778-ACA4AE8BA264}.Debug|x64.Build.0 = Debug|Any CPU
		{93DBE452-63E7-0AB1-E778-ACA4AE8BA264}.Debug|x86.ActiveCfg = Debug|Any CPU
		{93DBE452-63E7-0AB1-E778-ACA4AE8BA264}.Debug|x86.Build.0 = Debug|Any CPU
		{93DBE452-63E7-0AB1-E778-ACA4AE8BA264}.Release|Any CPU.ActiveCfg = Release|Any CPU
		{93DBE452-63E7-0AB1-E778-ACA4AE8BA264}.Release|Any CPU.Build.0 = Release|Any CPU
		{93DBE452-63E7-0AB1-E778-ACA4AE8BA264}.Release|x64.ActiveCfg = Release|Any CPU
		{93DBE452-63E7-0AB1-E778-ACA4AE8BA264}.Release|x64.Build.0 = Release|Any CPU
		{93DBE452-63E7-0AB1-E778-ACA4AE8BA264}.Release|x86.ActiveCfg = Release|Any CPU
		{93DBE452-63E7-0AB1-E778-ACA4AE8BA264}.Release|x86.Build.0 = Release|Any CPU
		{A23DCFA1-80EB-EEA2-B105-AF79A6B257B3}.Debug|Any CPU.ActiveCfg = Debug|Any CPU
		{A23DCFA1-80EB-EEA2-B105-AF79A6B257B3}.Debug|Any CPU.Build.0 = Debug|Any CPU
		{A23DCFA1-80EB-EEA2-B105-AF79A6B257B3}.Debug|x64.ActiveCfg = Debug|Any CPU
		{A23DCFA1-80EB-EEA2-B105-AF79A6B257B3}.Debug|x64.Build.0 = Debug|Any CPU
		{A23DCFA1-80EB-EEA2-B105-AF79A6B257B3}.Debug|x86.ActiveCfg = Debug|Any CPU
		{A23DCFA1-80EB-EEA2-B105-AF79A6B257B3}.Debug|x86.Build.0 = Debug|Any CPU
		{A23DCFA1-80EB-EEA2-B105-AF79A6B257B3}.Release|Any CPU.ActiveCfg = Release|Any CPU
		{A23DCFA1-80EB-EEA2-B105-AF79A6B257B3}.Release|Any CPU.Build.0 = Release|Any CPU
		{A23DCFA1-80EB-EEA2-B105-AF79A6B257B3}.Release|x64.ActiveCfg = Release|Any CPU
		{A23DCFA1-80EB-EEA2-B105-AF79A6B257B3}.Release|x64.Build.0 = Release|Any CPU
		{A23DCFA1-80EB-EEA2-B105-AF79A6B257B3}.Release|x86.ActiveCfg = Release|Any CPU
		{A23DCFA1-80EB-EEA2-B105-AF79A6B257B3}.Release|x86.Build.0 = Release|Any CPU
		{A85CA464-CDBA-53A4-6492-2634808274FC}.Debug|Any CPU.ActiveCfg = Debug|Any CPU
		{A85CA464-CDBA-53A4-6492-2634808274FC}.Debug|Any CPU.Build.0 = Debug|Any CPU
		{A85CA464-CDBA-53A4-6492-2634808274FC}.Debug|x64.ActiveCfg = Debug|Any CPU
		{A85CA464-CDBA-53A4-6492-2634808274FC}.Debug|x64.Build.0 = Debug|Any CPU
		{A85CA464-CDBA-53A4-6492-2634808274FC}.Debug|x86.ActiveCfg = Debug|Any CPU
		{A85CA464-CDBA-53A4-6492-2634808274FC}.Debug|x86.Build.0 = Debug|Any CPU
		{A85CA464-CDBA-53A4-6492-2634808274FC}.Release|Any CPU.ActiveCfg = Release|Any CPU
		{A85CA464-CDBA-53A4-6492-2634808274FC}.Release|Any CPU.Build.0 = Release|Any CPU
		{A85CA464-CDBA-53A4-6492-2634808274FC}.Release|x64.ActiveCfg = Release|Any CPU
		{A85CA464-CDBA-53A4-6492-2634808274FC}.Release|x64.Build.0 = Release|Any CPU
		{A85CA464-CDBA-53A4-6492-2634808274FC}.Release|x86.ActiveCfg = Release|Any CPU
		{A85CA464-CDBA-53A4-6492-2634808274FC}.Release|x86.Build.0 = Release|Any CPU
		{F66297B6-574C-F8FB-8449-53FD61E053CD}.Debug|Any CPU.ActiveCfg = Debug|Any CPU
		{F66297B6-574C-F8FB-8449-53FD61E053CD}.Debug|Any CPU.Build.0 = Debug|Any CPU
		{F66297B6-574C-F8FB-8449-53FD61E053CD}.Debug|x64.ActiveCfg = Debug|Any CPU
		{F66297B6-574C-F8FB-8449-53FD61E053CD}.Debug|x64.Build.0 = Debug|Any CPU
		{F66297B6-574C-F8FB-8449-53FD61E053CD}.Debug|x86.ActiveCfg = Debug|Any CPU
		{F66297B6-574C-F8FB-8449-53FD61E053CD}.Debug|x86.Build.0 = Debug|Any CPU
		{F66297B6-574C-F8FB-8449-53FD61E053CD}.Release|Any CPU.ActiveCfg = Release|Any CPU
		{F66297B6-574C-F8FB-8449-53FD61E053CD}.Release|Any CPU.Build.0 = Release|Any CPU
		{F66297B6-574C-F8FB-8449-53FD61E053CD}.Release|x64.ActiveCfg = Release|Any CPU
		{F66297B6-574C-F8FB-8449-53FD61E053CD}.Release|x64.Build.0 = Release|Any CPU
		{F66297B6-574C-F8FB-8449-53FD61E053CD}.Release|x86.ActiveCfg = Release|Any CPU
		{F66297B6-574C-F8FB-8449-53FD61E053CD}.Release|x86.Build.0 = Release|Any CPU
		{73FF2C60-792D-CB64-F6C7-75ED2C50CEB7}.Debug|Any CPU.ActiveCfg = Debug|Any CPU
		{73FF2C60-792D-CB64-F6C7-75ED2C50CEB7}.Debug|Any CPU.Build.0 = Debug|Any CPU
		{73FF2C60-792D-CB64-F6C7-75ED2C50CEB7}.Debug|x64.ActiveCfg = Debug|Any CPU
		{73FF2C60-792D-CB64-F6C7-75ED2C50CEB7}.Debug|x64.Build.0 = Debug|Any CPU
		{73FF2C60-792D-CB64-F6C7-75ED2C50CEB7}.Debug|x86.ActiveCfg = Debug|Any CPU
		{73FF2C60-792D-CB64-F6C7-75ED2C50CEB7}.Debug|x86.Build.0 = Debug|Any CPU
		{73FF2C60-792D-CB64-F6C7-75ED2C50CEB7}.Release|Any CPU.ActiveCfg = Release|Any CPU
		{73FF2C60-792D-CB64-F6C7-75ED2C50CEB7}.Release|Any CPU.Build.0 = Release|Any CPU
		{73FF2C60-792D-CB64-F6C7-75ED2C50CEB7}.Release|x64.ActiveCfg = Release|Any CPU
		{73FF2C60-792D-CB64-F6C7-75ED2C50CEB7}.Release|x64.Build.0 = Release|Any CPU
		{73FF2C60-792D-CB64-F6C7-75ED2C50CEB7}.Release|x86.ActiveCfg = Release|Any CPU
		{73FF2C60-792D-CB64-F6C7-75ED2C50CEB7}.Release|x86.Build.0 = Release|Any CPU
		{08705F66-4FA1-CEF2-7361-DB2DF908F613}.Debug|Any CPU.ActiveCfg = Debug|Any CPU
		{08705F66-4FA1-CEF2-7361-DB2DF908F613}.Debug|Any CPU.Build.0 = Debug|Any CPU
		{08705F66-4FA1-CEF2-7361-DB2DF908F613}.Debug|x64.ActiveCfg = Debug|Any CPU
		{08705F66-4FA1-CEF2-7361-DB2DF908F613}.Debug|x64.Build.0 = Debug|Any CPU
		{08705F66-4FA1-CEF2-7361-DB2DF908F613}.Debug|x86.ActiveCfg = Debug|Any CPU
		{08705F66-4FA1-CEF2-7361-DB2DF908F613}.Debug|x86.Build.0 = Debug|Any CPU
		{08705F66-4FA1-CEF2-7361-DB2DF908F613}.Release|Any CPU.ActiveCfg = Release|Any CPU
		{08705F66-4FA1-CEF2-7361-DB2DF908F613}.Release|Any CPU.Build.0 = Release|Any CPU
		{08705F66-4FA1-CEF2-7361-DB2DF908F613}.Release|x64.ActiveCfg = Release|Any CPU
		{08705F66-4FA1-CEF2-7361-DB2DF908F613}.Release|x64.Build.0 = Release|Any CPU
		{08705F66-4FA1-CEF2-7361-DB2DF908F613}.Release|x86.ActiveCfg = Release|Any CPU
		{08705F66-4FA1-CEF2-7361-DB2DF908F613}.Release|x86.Build.0 = Release|Any CPU
		{A4B11845-AD13-4818-8E31-E165EBB5BC7D}.Debug|Any CPU.ActiveCfg = Debug|Any CPU
		{A4B11845-AD13-4818-8E31-E165EBB5BC7D}.Debug|Any CPU.Build.0 = Debug|Any CPU
		{A4B11845-AD13-4818-8E31-E165EBB5BC7D}.Debug|x64.ActiveCfg = Debug|Any CPU
		{A4B11845-AD13-4818-8E31-E165EBB5BC7D}.Debug|x64.Build.0 = Debug|Any CPU
		{A4B11845-AD13-4818-8E31-E165EBB5BC7D}.Debug|x86.ActiveCfg = Debug|Any CPU
		{A4B11845-AD13-4818-8E31-E165EBB5BC7D}.Debug|x86.Build.0 = Debug|Any CPU
		{A4B11845-AD13-4818-8E31-E165EBB5BC7D}.Release|Any CPU.ActiveCfg = Release|Any CPU
		{A4B11845-AD13-4818-8E31-E165EBB5BC7D}.Release|Any CPU.Build.0 = Release|Any CPU
		{A4B11845-AD13-4818-8E31-E165EBB5BC7D}.Release|x64.ActiveCfg = Release|Any CPU
		{A4B11845-AD13-4818-8E31-E165EBB5BC7D}.Release|x64.Build.0 = Release|Any CPU
		{A4B11845-AD13-4818-8E31-E165EBB5BC7D}.Release|x86.ActiveCfg = Release|Any CPU
		{A4B11845-AD13-4818-8E31-E165EBB5BC7D}.Release|x86.Build.0 = Release|Any CPU
		{B5C01970-1E2A-4D91-9F33-8A7E2B1C4D5E}.Debug|Any CPU.ActiveCfg = Debug|Any CPU
		{B5C01970-1E2A-4D91-9F33-8A7E2B1C4D5E}.Debug|Any CPU.Build.0 = Debug|Any CPU
		{B5C01970-1E2A-4D91-9F33-8A7E2B1C4D5E}.Debug|x64.ActiveCfg = Debug|Any CPU
		{B5C01970-1E2A-4D91-9F33-8A7E2B1C4D5E}.Debug|x64.Build.0 = Debug|Any CPU
		{B5C01970-1E2A-4D91-9F33-8A7E2B1C4D5E}.Debug|x86.ActiveCfg = Debug|Any CPU
		{B5C01970-1E2A-4D91-9F33-8A7E2B1C4D5E}.Debug|x86.Build.0 = Debug|Any CPU
		{B5C01970-1E2A-4D91-9F33-8A7E2B1C4D5E}.Release|Any CPU.ActiveCfg = Release|Any CPU
		{B5C01970-1E2A-4D91-9F33-8A7E2B1C4D5E}.Release|Any CPU.Build.0 = Release|Any CPU
		{B5C01970-1E2A-4D91-9F33-8A7E2B1C4D5E}.Release|x64.ActiveCfg = Release|Any CPU
		{B5C01970-1E2A-4D91-9F33-8A7E2B1C4D5E}.Release|x64.Build.0 = Release|Any CPU
		{B5C01970-1E2A-4D91-9F33-8A7E2B1C4D5E}.Release|x86.ActiveCfg = Release|Any CPU
		{B5C01970-1E2A-4D91-9F33-8A7E2B1C4D5E}.Release|x86.Build.0 = Release|Any CPU
		{2E804502-6CC5-46E8-A465-FC4F43B09078}.Debug|Any CPU.ActiveCfg = Debug|Any CPU
		{2E804502-6CC5-46E8-A465-FC4F43B09078}.Debug|Any CPU.Build.0 = Debug|Any CPU
		{2E804502-6CC5-46E8-A465-FC4F43B09078}.Debug|x64.ActiveCfg = Debug|Any CPU
		{2E804502-6CC5-46E8-A465-FC4F43B09078}.Debug|x64.Build.0 = Debug|Any CPU
		{2E804502-6CC5-46E8-A465-FC4F43B09078}.Debug|x86.ActiveCfg = Debug|Any CPU
		{2E804502-6CC5-46E8-A465-FC4F43B09078}.Debug|x86.Build.0 = Debug|Any CPU
		{2E804502-6CC5-46E8-A465-FC4F43B09078}.Release|Any CPU.ActiveCfg = Release|Any CPU
		{2E804502-6CC5-46E8-A465-FC4F43B09078}.Release|Any CPU.Build.0 = Release|Any CPU
		{2E804502-6CC5-46E8-A465-FC4F43B09078}.Release|x64.ActiveCfg = Release|Any CPU
		{2E804502-6CC5-46E8-A465-FC4F43B09078}.Release|x64.Build.0 = Release|Any CPU
		{2E804502-6CC5-46E8-A465-FC4F43B09078}.Release|x86.ActiveCfg = Release|Any CPU
		{2E804502-6CC5-46E8-A465-FC4F43B09078}.Release|x86.Build.0 = Release|Any CPU
		{D226513A-BDA6-4AF8-B812-DDBFE6456150}.Debug|Any CPU.ActiveCfg = Debug|Any CPU
		{D226513A-BDA6-4AF8-B812-DDBFE6456150}.Debug|Any CPU.Build.0 = Debug|Any CPU
		{D226513A-BDA6-4AF8-B812-DDBFE6456150}.Debug|x64.ActiveCfg = Debug|Any CPU
		{D226513A-BDA6-4AF8-B812-DDBFE6456150}.Debug|x64.Build.0 = Debug|Any CPU
		{D226513A-BDA6-4AF8-B812-DDBFE6456150}.Debug|x86.ActiveCfg = Debug|Any CPU
		{D226513A-BDA6-4AF8-B812-DDBFE6456150}.Debug|x86.Build.0 = Debug|Any CPU
		{D226513A-BDA6-4AF8-B812-DDBFE6456150}.Release|Any CPU.ActiveCfg = Release|Any CPU
		{D226513A-BDA6-4AF8-B812-DDBFE6456150}.Release|Any CPU.Build.0 = Release|Any CPU
		{D226513A-BDA6-4AF8-B812-DDBFE6456150}.Release|x64.ActiveCfg = Release|Any CPU
		{D226513A-BDA6-4AF8-B812-DDBFE6456150}.Release|x64.Build.0 = Release|Any CPU
		{D226513A-BDA6-4AF8-B812-DDBFE6456150}.Release|x86.ActiveCfg = Release|Any CPU
		{D226513A-BDA6-4AF8-B812-DDBFE6456150}.Release|x86.Build.0 = Release|Any CPU
		{3282ED23-98B9-4DF6-B123-15B324BB88A7}.Debug|Any CPU.ActiveCfg = Debug|Any CPU
		{3282ED23-98B9-4DF6-B123-15B324BB88A7}.Debug|Any CPU.Build.0 = Debug|Any CPU
		{3282ED23-98B9-4DF6-B123-15B324BB88A7}.Debug|x64.ActiveCfg = Debug|Any CPU
		{3282ED23-98B9-4DF6-B123-15B324BB88A7}.Debug|x64.Build.0 = Debug|Any CPU
		{3282ED23-98B9-4DF6-B123-15B324BB88A7}.Debug|x86.ActiveCfg = Debug|Any CPU
		{3282ED23-98B9-4DF6-B123-15B324BB88A7}.Debug|x86.Build.0 = Debug|Any CPU
		{3282ED23-98B9-4DF6-B123-15B324BB88A7}.Release|Any CPU.ActiveCfg = Release|Any CPU
		{3282ED23-98B9-4DF6-B123-15B324BB88A7}.Release|Any CPU.Build.0 = Release|Any CPU
		{3282ED23-98B9-4DF6-B123-15B324BB88A7}.Release|x64.ActiveCfg = Release|Any CPU
		{3282ED23-98B9-4DF6-B123-15B324BB88A7}.Release|x64.Build.0 = Release|Any CPU
		{3282ED23-98B9-4DF6-B123-15B324BB88A7}.Release|x86.ActiveCfg = Release|Any CPU
		{3282ED23-98B9-4DF6-B123-15B324BB88A7}.Release|x86.Build.0 = Release|Any CPU
		{06AB45A0-32B7-49F0-B5F1-85A1001E92B5}.Debug|Any CPU.ActiveCfg = Debug|Any CPU
		{06AB45A0-32B7-49F0-B5F1-85A1001E92B5}.Debug|Any CPU.Build.0 = Debug|Any CPU
		{06AB45A0-32B7-49F0-B5F1-85A1001E92B5}.Debug|x64.ActiveCfg = Debug|Any CPU
		{06AB45A0-32B7-49F0-B5F1-85A1001E92B5}.Debug|x64.Build.0 = Debug|Any CPU
		{06AB45A0-32B7-49F0-B5F1-85A1001E92B5}.Debug|x86.ActiveCfg = Debug|Any CPU
		{06AB45A0-32B7-49F0-B5F1-85A1001E92B5}.Debug|x86.Build.0 = Debug|Any CPU
		{06AB45A0-32B7-49F0-B5F1-85A1001E92B5}.Release|Any CPU.ActiveCfg = Release|Any CPU
		{06AB45A0-32B7-49F0-B5F1-85A1001E92B5}.Release|Any CPU.Build.0 = Release|Any CPU
		{06AB45A0-32B7-49F0-B5F1-85A1001E92B5}.Release|x64.ActiveCfg = Release|Any CPU
		{06AB45A0-32B7-49F0-B5F1-85A1001E92B5}.Release|x64.Build.0 = Release|Any CPU
		{06AB45A0-32B7-49F0-B5F1-85A1001E92B5}.Release|x86.ActiveCfg = Release|Any CPU
		{06AB45A0-32B7-49F0-B5F1-85A1001E92B5}.Release|x86.Build.0 = Release|Any CPU
		{2D791C57-8FAC-4162-932A-E6BD4152E9CC}.Debug|Any CPU.ActiveCfg = Debug|Any CPU
		{2D791C57-8FAC-4162-932A-E6BD4152E9CC}.Debug|Any CPU.Build.0 = Debug|Any CPU
		{2D791C57-8FAC-4162-932A-E6BD4152E9CC}.Debug|x64.ActiveCfg = Debug|Any CPU
		{2D791C57-8FAC-4162-932A-E6BD4152E9CC}.Debug|x64.Build.0 = Debug|Any CPU
		{2D791C57-8FAC-4162-932A-E6BD4152E9CC}.Debug|x86.ActiveCfg = Debug|Any CPU
		{2D791C57-8FAC-4162-932A-E6BD4152E9CC}.Debug|x86.Build.0 = Debug|Any CPU
		{2D791C57-8FAC-4162-932A-E6BD4152E9CC}.Release|Any CPU.ActiveCfg = Release|Any CPU
		{2D791C57-8FAC-4162-932A-E6BD4152E9CC}.Release|Any CPU.Build.0 = Release|Any CPU
		{2D791C57-8FAC-4162-932A-E6BD4152E9CC}.Release|x64.ActiveCfg = Release|Any CPU
		{2D791C57-8FAC-4162-932A-E6BD4152E9CC}.Release|x64.Build.0 = Release|Any CPU
		{2D791C57-8FAC-4162-932A-E6BD4152E9CC}.Release|x86.ActiveCfg = Release|Any CPU
		{2D791C57-8FAC-4162-932A-E6BD4152E9CC}.Release|x86.Build.0 = Release|Any CPU
		{38BEC92C-E222-44C8-B35E-AE685125B0A7}.Debug|Any CPU.ActiveCfg = Debug|Any CPU
		{38BEC92C-E222-44C8-B35E-AE685125B0A7}.Debug|Any CPU.Build.0 = Debug|Any CPU
		{38BEC92C-E222-44C8-B35E-AE685125B0A7}.Debug|x64.ActiveCfg = Debug|Any CPU
		{38BEC92C-E222-44C8-B35E-AE685125B0A7}.Debug|x64.Build.0 = Debug|Any CPU
		{38BEC92C-E222-44C8-B35E-AE685125B0A7}.Debug|x86.ActiveCfg = Debug|Any CPU
		{38BEC92C-E222-44C8-B35E-AE685125B0A7}.Debug|x86.Build.0 = Debug|Any CPU
		{38BEC92C-E222-44C8-B35E-AE685125B0A7}.Release|Any CPU.ActiveCfg = Release|Any CPU
		{38BEC92C-E222-44C8-B35E-AE685125B0A7}.Release|Any CPU.Build.0 = Release|Any CPU
		{38BEC92C-E222-44C8-B35E-AE685125B0A7}.Release|x64.ActiveCfg = Release|Any CPU
		{38BEC92C-E222-44C8-B35E-AE685125B0A7}.Release|x64.Build.0 = Release|Any CPU
		{38BEC92C-E222-44C8-B35E-AE685125B0A7}.Release|x86.ActiveCfg = Release|Any CPU
		{38BEC92C-E222-44C8-B35E-AE685125B0A7}.Release|x86.Build.0 = Release|Any CPU
		{605E5429-F970-4040-9DB4-4F35E623324C}.Debug|Any CPU.ActiveCfg = Debug|Any CPU
		{605E5429-F970-4040-9DB4-4F35E623324C}.Debug|Any CPU.Build.0 = Debug|Any CPU
		{605E5429-F970-4040-9DB4-4F35E623324C}.Debug|x64.ActiveCfg = Debug|Any CPU
		{605E5429-F970-4040-9DB4-4F35E623324C}.Debug|x64.Build.0 = Debug|Any CPU
		{605E5429-F970-4040-9DB4-4F35E623324C}.Debug|x86.ActiveCfg = Debug|Any CPU
		{605E5429-F970-4040-9DB4-4F35E623324C}.Debug|x86.Build.0 = Debug|Any CPU
		{605E5429-F970-4040-9DB4-4F35E623324C}.Release|Any CPU.ActiveCfg = Release|Any CPU
		{605E5429-F970-4040-9DB4-4F35E623324C}.Release|Any CPU.Build.0 = Release|Any CPU
		{605E5429-F970-4040-9DB4-4F35E623324C}.Release|x64.ActiveCfg = Release|Any CPU
		{605E5429-F970-4040-9DB4-4F35E623324C}.Release|x64.Build.0 = Release|Any CPU
		{605E5429-F970-4040-9DB4-4F35E623324C}.Release|x86.ActiveCfg = Release|Any CPU
		{605E5429-F970-4040-9DB4-4F35E623324C}.Release|x86.Build.0 = Release|Any CPU
		{98F52476-BCF0-4026-8D08-39B6FCDA95C4}.Debug|Any CPU.ActiveCfg = Debug|Any CPU
		{98F52476-BCF0-4026-8D08-39B6FCDA95C4}.Debug|Any CPU.Build.0 = Debug|Any CPU
		{98F52476-BCF0-4026-8D08-39B6FCDA95C4}.Debug|x64.ActiveCfg = Debug|Any CPU
		{98F52476-BCF0-4026-8D08-39B6FCDA95C4}.Debug|x64.Build.0 = Debug|Any CPU
		{98F52476-BCF0-4026-8D08-39B6FCDA95C4}.Debug|x86.ActiveCfg = Debug|Any CPU
		{98F52476-BCF0-4026-8D08-39B6FCDA95C4}.Debug|x86.Build.0 = Debug|Any CPU
		{98F52476-BCF0-4026-8D08-39B6FCDA95C4}.Release|Any CPU.ActiveCfg = Release|Any CPU
		{98F52476-BCF0-4026-8D08-39B6FCDA95C4}.Release|Any CPU.Build.0 = Release|Any CPU
		{98F52476-BCF0-4026-8D08-39B6FCDA95C4}.Release|x64.ActiveCfg = Release|Any CPU
		{98F52476-BCF0-4026-8D08-39B6FCDA95C4}.Release|x64.Build.0 = Release|Any CPU
		{98F52476-BCF0-4026-8D08-39B6FCDA95C4}.Release|x86.ActiveCfg = Release|Any CPU
		{98F52476-BCF0-4026-8D08-39B6FCDA95C4}.Release|x86.Build.0 = Release|Any CPU
		{DCEB7C7D-8F6B-4DD3-98AF-BC86BE48607E}.Debug|Any CPU.ActiveCfg = Debug|Any CPU
		{DCEB7C7D-8F6B-4DD3-98AF-BC86BE48607E}.Debug|Any CPU.Build.0 = Debug|Any CPU
		{DCEB7C7D-8F6B-4DD3-98AF-BC86BE48607E}.Debug|x64.ActiveCfg = Debug|Any CPU
		{DCEB7C7D-8F6B-4DD3-98AF-BC86BE48607E}.Debug|x64.Build.0 = Debug|Any CPU
		{DCEB7C7D-8F6B-4DD3-98AF-BC86BE48607E}.Debug|x86.ActiveCfg = Debug|Any CPU
		{DCEB7C7D-8F6B-4DD3-98AF-BC86BE48607E}.Debug|x86.Build.0 = Debug|Any CPU
		{DCEB7C7D-8F6B-4DD3-98AF-BC86BE48607E}.Release|Any CPU.ActiveCfg = Release|Any CPU
		{DCEB7C7D-8F6B-4DD3-98AF-BC86BE48607E}.Release|Any CPU.Build.0 = Release|Any CPU
		{DCEB7C7D-8F6B-4DD3-98AF-BC86BE48607E}.Release|x64.ActiveCfg = Release|Any CPU
		{DCEB7C7D-8F6B-4DD3-98AF-BC86BE48607E}.Release|x64.Build.0 = Release|Any CPU
		{DCEB7C7D-8F6B-4DD3-98AF-BC86BE48607E}.Release|x86.ActiveCfg = Release|Any CPU
		{DCEB7C7D-8F6B-4DD3-98AF-BC86BE48607E}.Release|x86.Build.0 = Release|Any CPU
		{6601DF58-9669-463B-9121-CF2F08860D2D}.Debug|Any CPU.ActiveCfg = Debug|Any CPU
		{6601DF58-9669-463B-9121-CF2F08860D2D}.Debug|Any CPU.Build.0 = Debug|Any CPU
		{6601DF58-9669-463B-9121-CF2F08860D2D}.Debug|x64.ActiveCfg = Debug|Any CPU
		{6601DF58-9669-463B-9121-CF2F08860D2D}.Debug|x64.Build.0 = Debug|Any CPU
		{6601DF58-9669-463B-9121-CF2F08860D2D}.Debug|x86.ActiveCfg = Debug|Any CPU
		{6601DF58-9669-463B-9121-CF2F08860D2D}.Debug|x86.Build.0 = Debug|Any CPU
		{6601DF58-9669-463B-9121-CF2F08860D2D}.Release|Any CPU.ActiveCfg = Release|Any CPU
		{6601DF58-9669-463B-9121-CF2F08860D2D}.Release|Any CPU.Build.0 = Release|Any CPU
		{6601DF58-9669-463B-9121-CF2F08860D2D}.Release|x64.ActiveCfg = Release|Any CPU
		{6601DF58-9669-463B-9121-CF2F08860D2D}.Release|x64.Build.0 = Release|Any CPU
		{6601DF58-9669-463B-9121-CF2F08860D2D}.Release|x86.ActiveCfg = Release|Any CPU
		{6601DF58-9669-463B-9121-CF2F08860D2D}.Release|x86.Build.0 = Release|Any CPU
		{79EBE7C7-DD1F-4050-A751-A3E0E8B27568}.Debug|Any CPU.ActiveCfg = Debug|Any CPU
		{79EBE7C7-DD1F-4050-A751-A3E0E8B27568}.Debug|Any CPU.Build.0 = Debug|Any CPU
		{79EBE7C7-DD1F-4050-A751-A3E0E8B27568}.Debug|x64.ActiveCfg = Debug|Any CPU
		{79EBE7C7-DD1F-4050-A751-A3E0E8B27568}.Debug|x64.Build.0 = Debug|Any CPU
		{79EBE7C7-DD1F-4050-A751-A3E0E8B27568}.Debug|x86.ActiveCfg = Debug|Any CPU
		{79EBE7C7-DD1F-4050-A751-A3E0E8B27568}.Debug|x86.Build.0 = Debug|Any CPU
		{79EBE7C7-DD1F-4050-A751-A3E0E8B27568}.Release|Any CPU.ActiveCfg = Release|Any CPU
		{79EBE7C7-DD1F-4050-A751-A3E0E8B27568}.Release|Any CPU.Build.0 = Release|Any CPU
		{79EBE7C7-DD1F-4050-A751-A3E0E8B27568}.Release|x64.ActiveCfg = Release|Any CPU
		{79EBE7C7-DD1F-4050-A751-A3E0E8B27568}.Release|x64.Build.0 = Release|Any CPU
		{79EBE7C7-DD1F-4050-A751-A3E0E8B27568}.Release|x86.ActiveCfg = Release|Any CPU
		{79EBE7C7-DD1F-4050-A751-A3E0E8B27568}.Release|x86.Build.0 = Release|Any CPU
		{349E256C-D565-4B51-90D1-238B0DD05959}.Debug|Any CPU.ActiveCfg = Debug|Any CPU
		{349E256C-D565-4B51-90D1-238B0DD05959}.Debug|Any CPU.Build.0 = Debug|Any CPU
		{349E256C-D565-4B51-90D1-238B0DD05959}.Debug|x64.ActiveCfg = Debug|Any CPU
		{349E256C-D565-4B51-90D1-238B0DD05959}.Debug|x64.Build.0 = Debug|Any CPU
		{349E256C-D565-4B51-90D1-238B0DD05959}.Debug|x86.ActiveCfg = Debug|Any CPU
		{349E256C-D565-4B51-90D1-238B0DD05959}.Debug|x86.Build.0 = Debug|Any CPU
		{349E256C-D565-4B51-90D1-238B0DD05959}.Release|Any CPU.ActiveCfg = Release|Any CPU
		{349E256C-D565-4B51-90D1-238B0DD05959}.Release|Any CPU.Build.0 = Release|Any CPU
		{349E256C-D565-4B51-90D1-238B0DD05959}.Release|x64.ActiveCfg = Release|Any CPU
		{349E256C-D565-4B51-90D1-238B0DD05959}.Release|x64.Build.0 = Release|Any CPU
		{349E256C-D565-4B51-90D1-238B0DD05959}.Release|x86.ActiveCfg = Release|Any CPU
		{349E256C-D565-4B51-90D1-238B0DD05959}.Release|x86.Build.0 = Release|Any CPU
		{81DDED9D-158B-E303-5F62-77A2896D2A5A}.Debug|Any CPU.ActiveCfg = Debug|Any CPU
		{81DDED9D-158B-E303-5F62-77A2896D2A5A}.Debug|Any CPU.Build.0 = Debug|Any CPU
		{81DDED9D-158B-E303-5F62-77A2896D2A5A}.Debug|x64.ActiveCfg = Debug|Any CPU
		{81DDED9D-158B-E303-5F62-77A2896D2A5A}.Debug|x64.Build.0 = Debug|Any CPU
		{81DDED9D-158B-E303-5F62-77A2896D2A5A}.Debug|x86.ActiveCfg = Debug|Any CPU
		{81DDED9D-158B-E303-5F62-77A2896D2A5A}.Debug|x86.Build.0 = Debug|Any CPU
		{81DDED9D-158B-E303-5F62-77A2896D2A5A}.Release|Any CPU.ActiveCfg = Release|Any CPU
		{81DDED9D-158B-E303-5F62-77A2896D2A5A}.Release|Any CPU.Build.0 = Release|Any CPU
		{81DDED9D-158B-E303-5F62-77A2896D2A5A}.Release|x64.ActiveCfg = Release|Any CPU
		{81DDED9D-158B-E303-5F62-77A2896D2A5A}.Release|x64.Build.0 = Release|Any CPU
		{81DDED9D-158B-E303-5F62-77A2896D2A5A}.Release|x86.ActiveCfg = Release|Any CPU
		{81DDED9D-158B-E303-5F62-77A2896D2A5A}.Release|x86.Build.0 = Release|Any CPU
	EndGlobalSection
	GlobalSection(SolutionProperties) = preSolution
		HideSolutionNode = FALSE
	EndGlobalSection
	GlobalSection(NestedProjects) = preSolution
		{55C3B228-7353-0BC5-10DE-956630CC3037} = {A5C3B228-7353-0BC5-10DE-956630CC3038}
		{90A59E09-157C-8A93-F149-6AA7741308E5} = {A5C3B228-7353-0BC5-10DE-956630CC3038}
		{82BBC5E1-3688-5A9B-4B30-464742F86275} = {A5C3B228-7353-0BC5-10DE-956630CC3038}
		{10345D5E-DED7-D4A8-48FC-0D59E9645299} = {A5C3B228-7353-0BC5-10DE-956630CC3038}
		{E30E32D1-8AEE-3E7C-A584-F95D94DBE68E} = {2FA89949-C014-61E3-9766-4043502A0423}
		{73ECD4A6-28C3-822D-B9DE-5524849AF9A5} = {FAF8FC72-762E-AE91-B65B-7569A6AAE937}
		{93DBE452-63E7-0AB1-E778-ACA4AE8BA264} = {FAF8FC72-762E-AE91-B65B-7569A6AAE937}
		{A23DCFA1-80EB-EEA2-B105-AF79A6B257B3} = {FAF8FC72-762E-AE91-B65B-7569A6AAE937}
		{A85CA464-CDBA-53A4-6492-2634808274FC} = {FAF8FC72-762E-AE91-B65B-7569A6AAE937}
		{F66297B6-574C-F8FB-8449-53FD61E053CD} = {3BB22959-B090-ABAC-4C23-A0E56DF1BBD8}
		{73FF2C60-792D-CB64-F6C7-75ED2C50CEB7} = {3BB22959-B090-ABAC-4C23-A0E56DF1BBD8}
		{08705F66-4FA1-CEF2-7361-DB2DF908F613} = {3BB22959-B090-ABAC-4C23-A0E56DF1BBD8}
		{A4B11845-AD13-4818-8E31-E165EBB5BC7D} = {3BB22959-B090-ABAC-4C23-A0E56DF1BBD8}
		{B5C01970-1E2A-4D91-9F33-8A7E2B1C4D5E} = {3BB22959-B090-ABAC-4C23-A0E56DF1BBD8}
		{2E804502-6CC5-46E8-A465-FC4F43B09078} = {AA9EE0C7-4E1A-44BC-243C-C4E356DC2F3C}
		{D226513A-BDA6-4AF8-B812-DDBFE6456150} = {AA9EE0C7-4E1A-44BC-243C-C4E356DC2F3C}
		{3282ED23-98B9-4DF6-B123-15B324BB88A7} = {AA9EE0C7-4E1A-44BC-243C-C4E356DC2F3C}
		{06AB45A0-32B7-49F0-B5F1-85A1001E92B5} = {AA9EE0C7-4E1A-44BC-243C-C4E356DC2F3C}
		{2D791C57-8FAC-4162-932A-E6BD4152E9CC} = {2FA89949-C014-61E3-9766-4043502A0423}
		{38BEC92C-E222-44C8-B35E-AE685125B0A7} = {BA58FF10-E1F2-1F22-EED5-4647CFF8BF60}
		{605E5429-F970-4040-9DB4-4F35E623324C} = {BA58FF10-E1F2-1F22-EED5-4647CFF8BF60}
		{98F52476-BCF0-4026-8D08-39B6FCDA95C4} = {BA58FF10-E1F2-1F22-EED5-4647CFF8BF60}
		{DCEB7C7D-8F6B-4DD3-98AF-BC86BE48607E} = {BA58FF10-E1F2-1F22-EED5-4647CFF8BF60}
		{6601DF58-9669-463B-9121-CF2F08860D2D} = {2FA89949-C014-61E3-9766-4043502A0423}
		{79EBE7C7-DD1F-4050-A751-A3E0E8B27568} = {2FA89949-C014-61E3-9766-4043502A0423}
		{349E256C-D565-4B51-90D1-238B0DD05959} = {2FA89949-C014-61E3-9766-4043502A0423}
	EndGlobalSection
	GlobalSection(ExtensibilityGlobals) = postSolution
		SolutionGuid = {75C2996A-4718-45CB-A4D4-DD18BEAA29AB}
	EndGlobalSection
EndGlobal
